// !$*UTF8*$!
{
	archiveVersion = 1;
	classes = {
	};
	objectVersion = 77;
	objects = {

/* Begin PBXContainerItemProxy section */
		8EBA8C2F2CC4BB3D006777FB /* PBXContainerItemProxy */ = {
			isa = PBXContainerItemProxy;
			containerPortal = 8EBA8C162CC4BB3C006777FB /* Project object */;
			proxyType = 1;
			remoteGlobalIDString = 8EBA8C1D2CC4BB3C006777FB;
			remoteInfo = "ECommerce App";
		};
		8EBA8C392CC4BB3D006777FB /* PBXContainerItemProxy */ = {
			isa = PBXContainerItemProxy;
			containerPortal = 8EBA8C162CC4BB3C006777FB /* Project object */;
			proxyType = 1;
			remoteGlobalIDString = 8EBA8C1D2CC4BB3C006777FB;
			remoteInfo = "ECommerce App";
		};
/* End PBXContainerItemProxy section */

/* Begin PBXFileReference section */
		8EBA8C1E2CC4BB3C006777FB /* ECommerce App.app */ = {isa = PBXFileReference; explicitFileType = wrapper.application; includeInIndex = 0; path = "ECommerce App.app"; sourceTree = BUILT_PRODUCTS_DIR; };
		8EBA8C2E2CC4BB3D006777FB /* ECommerce AppTests.xctest */ = {isa = PBXFileReference; explicitFileType = wrapper.cfbundle; includeInIndex = 0; path = "ECommerce AppTests.xctest"; sourceTree = BUILT_PRODUCTS_DIR; };
		8EBA8C382CC4BB3D006777FB /* ECommerce AppUITests.xctest */ = {isa = PBXFileReference; explicitFileType = wrapper.cfbundle; includeInIndex = 0; path = "ECommerce AppUITests.xctest"; sourceTree = BUILT_PRODUCTS_DIR; };
/* End PBXFileReference section */

/* Begin PBXFileSystemSynchronizedRootGroup section */
		8EBA8C202CC4BB3C006777FB /* ECommerce App */ = {
			isa = PBXFileSystemSynchronizedRootGroup;
			path = "ECommerce App";
			sourceTree = "<group>";
		};
		8EBA8C312CC4BB3D006777FB /* ECommerce AppTests */ = {
			isa = PBXFileSystemSynchronizedRootGroup;
			path = "ECommerce AppTests";
			sourceTree = "<group>";
		};
		8EBA8C3B2CC4BB3D006777FB /* ECommerce AppUITests */ = {
			isa = PBXFileSystemSynchronizedRootGroup;
			path = "ECommerce AppUITests";
			sourceTree = "<group>";
		};
/* End PBXFileSystemSynchronizedRootGroup section */

/* Begin PBXFrameworksBuildPhase section */
		8EBA8C1B2CC4BB3C006777FB /* Frameworks */ = {
			isa = PBXFrameworksBuildPhase;
			buildActionMask = 2147483647;
			files = (
			);
			runOnlyForDeploymentPostprocessing = 0;
		};
		8EBA8C2B2CC4BB3D006777FB /* Frameworks */ = {
			isa = PBXFrameworksBuildPhase;
			buildActionMask = 2147483647;
			files = (
			);
			runOnlyForDeploymentPostprocessing = 0;
		};
		8EBA8C352CC4BB3D006777FB /* Frameworks */ = {
			isa = PBXFrameworksBuildPhase;
			buildActionMask = 2147483647;
			files = (
			);
			runOnlyForDeploymentPostprocessing = 0;
		};
/* End PBXFrameworksBuildPhase section */

/* Begin PBXGroup section */
		8EBA8C152CC4BB3C006777FB = {
			isa = PBXGroup;
			children = (
				8EBA8C202CC4BB3C006777FB /* ECommerce App */,
				8EBA8C312CC4BB3D006777FB /* ECommerce AppTests */,
				8EBA8C3B2CC4BB3D006777FB /* ECommerce AppUITests */,
				8EBA8C1F2CC4BB3C006777FB /* Products */,
			);
			sourceTree = "<group>";
		};
		8EBA8C1F2CC4BB3C006777FB /* Products */ = {
			isa = PBXGroup;
			children = (
				8EBA8C1E2CC4BB3C006777FB /* ECommerce App.app */,
				8EBA8C2E2CC4BB3D006777FB /* ECommerce AppTests.xctest */,
				8EBA8C382CC4BB3D006777FB /* ECommerce AppUITests.xctest */,
			);
			name = Products;
			sourceTree = "<group>";
		};
/* End PBXGroup section */

/* Begin PBXNativeTarget section */
		8EBA8C1D2CC4BB3C006777FB /* ECommerce App */ = {
			isa = PBXNativeTarget;
			buildConfigurationList = 8EBA8C422CC4BB3D006777FB /* Build configuration list for PBXNativeTarget "ECommerce App" */;
			buildPhases = (
				8EBA8C1A2CC4BB3C006777FB /* Sources */,
				8EBA8C1B2CC4BB3C006777FB /* Frameworks */,
				8EBA8C1C2CC4BB3C006777FB /* Resources */,
			);
			buildRules = (
			);
			dependencies = (
			);
			fileSystemSynchronizedGroups = (
				8EBA8C202CC4BB3C006777FB /* ECommerce App */,
			);
			name = "ECommerce App";
			packageProductDependencies = (
			);
			productName = "ECommerce App";
			productReference = 8EBA8C1E2CC4BB3C006777FB /* ECommerce App.app */;
			productType = "com.apple.product-type.application";
		};
		8EBA8C2D2CC4BB3D006777FB /* ECommerce AppTests */ = {
			isa = PBXNativeTarget;
			buildConfigurationList = 8EBA8C452CC4BB3D006777FB /* Build configuration list for PBXNativeTarget "ECommerce AppTests" */;
			buildPhases = (
				8EBA8C2A2CC4BB3D006777FB /* Sources */,
				8EBA8C2B2CC4BB3D006777FB /* Frameworks */,
				8EBA8C2C2CC4BB3D006777FB /* Resources */,
			);
			buildRules = (
			);
			dependencies = (
				8EBA8C302CC4BB3D006777FB /* PBXTargetDependency */,
			);
			fileSystemSynchronizedGroups = (
				8EBA8C312CC4BB3D006777FB /* ECommerce AppTests */,
			);
			name = "ECommerce AppTests";
			packageProductDependencies = (
			);
			productName = "ECommerce AppTests";
			productReference = 8EBA8C2E2CC4BB3D006777FB /* ECommerce AppTests.xctest */;
			productType = "com.apple.product-type.bundle.unit-test";
		};
		8EBA8C372CC4BB3D006777FB /* ECommerce AppUITests */ = {
			isa = PBXNativeTarget;
			buildConfigurationList = 8EBA8C482CC4BB3D006777FB /* Build configuration list for PBXNativeTarget "ECommerce AppUITests" */;
			buildPhases = (
				8EBA8C342CC4BB3D006777FB /* Sources */,
				8EBA8C352CC4BB3D006777FB /* Frameworks */,
				8EBA8C362CC4BB3D006777FB /* Resources */,
			);
			buildRules = (
			);
			dependencies = (
				8EBA8C3A2CC4BB3D006777FB /* PBXTargetDependency */,
			);
			fileSystemSynchronizedGroups = (
				8EBA8C3B2CC4BB3D006777FB /* ECommerce AppUITests */,
			);
			name = "ECommerce AppUITests";
			packageProductDependencies = (
			);
			productName = "ECommerce AppUITests";
			productReference = 8EBA8C382CC4BB3D006777FB /* ECommerce AppUITests.xctest */;
			productType = "com.apple.product-type.bundle.ui-testing";
		};
/* End PBXNativeTarget section */

/* Begin PBXProject section */
		8EBA8C162CC4BB3C006777FB /* Project object */ = {
			isa = PBXProject;
			attributes = {
				BuildIndependentTargetsInParallel = 1;
				LastSwiftUpdateCheck = 1600;
				LastUpgradeCheck = 1600;
				TargetAttributes = {
					8EBA8C1D2CC4BB3C006777FB = {
						CreatedOnToolsVersion = 16.0;
					};
					8EBA8C2D2CC4BB3D006777FB = {
						CreatedOnToolsVersion = 16.0;
						TestTargetID = 8EBA8C1D2CC4BB3C006777FB;
					};
					8EBA8C372CC4BB3D006777FB = {
						CreatedOnToolsVersion = 16.0;
						TestTargetID = 8EBA8C1D2CC4BB3C006777FB;
					};
				};
			};
			buildConfigurationList = 8EBA8C192CC4BB3C006777FB /* Build configuration list for PBXProject "ECommerce App" */;
			developmentRegion = en;
			hasScannedForEncodings = 0;
			knownRegions = (
				en,
				Base,
			);
			mainGroup = 8EBA8C152CC4BB3C006777FB;
			minimizedProjectReferenceProxies = 1;
			preferredProjectObjectVersion = 77;
			productRefGroup = 8EBA8C1F2CC4BB3C006777FB /* Products */;
			projectDirPath = "";
			projectRoot = "";
			targets = (
				8EBA8C1D2CC4BB3C006777FB /* ECommerce App */,
				8EBA8C2D2CC4BB3D006777FB /* ECommerce AppTests */,
				8EBA8C372CC4BB3D006777FB /* ECommerce AppUITests */,
			);
		};
/* End PBXProject section */

/* Begin PBXResourcesBuildPhase section */
		8EBA8C1C2CC4BB3C006777FB /* Resources */ = {
			isa = PBXResourcesBuildPhase;
			buildActionMask = 2147483647;
			files = (
			);
			runOnlyForDeploymentPostprocessing = 0;
		};
		8EBA8C2C2CC4BB3D006777FB /* Resources */ = {
			isa = PBXResourcesBuildPhase;
			buildActionMask = 2147483647;
			files = (
			);
			runOnlyForDeploymentPostprocessing = 0;
		};
		8EBA8C362CC4BB3D006777FB /* Resources */ = {
			isa = PBXResourcesBuildPhase;
			buildActionMask = 2147483647;
			files = (
			);
			runOnlyForDeploymentPostprocessing = 0;
		};
/* End PBXResourcesBuildPhase section */

/* Begin PBXSourcesBuildPhase section */
		8EBA8C1A2CC4BB3C006777FB /* Sources */ = {
			isa = PBXSourcesBuildPhase;
			buildActionMask = 2147483647;
			files = (
			);
			runOnlyForDeploymentPostprocessing = 0;
		};
		8EBA8C2A2CC4BB3D006777FB /* Sources */ = {
			isa = PBXSourcesBuildPhase;
			buildActionMask = 2147483647;
			files = (
			);
			runOnlyForDeploymentPostprocessing = 0;
		};
		8EBA8C342CC4BB3D006777FB /* Sources */ = {
			isa = PBXSourcesBuildPhase;
			buildActionMask = 2147483647;
			files = (
			);
			runOnlyForDeploymentPostprocessing = 0;
		};
/* End PBXSourcesBuildPhase section */

/* Begin PBXTargetDependency section */
		8EBA8C302CC4BB3D006777FB /* PBXTargetDependency */ = {
			isa = PBXTargetDependency;
			target = 8EBA8C1D2CC4BB3C006777FB /* ECommerce App */;
			targetProxy = 8EBA8C2F2CC4BB3D006777FB /* PBXContainerItemProxy */;
		};
		8EBA8C3A2CC4BB3D006777FB /* PBXTargetDependency */ = {
			isa = PBXTargetDependency;
			target = 8EBA8C1D2CC4BB3C006777FB /* ECommerce App */;
			targetProxy = 8EBA8C392CC4BB3D006777FB /* PBXContainerItemProxy */;
		};
/* End PBXTargetDependency section */

/* Begin XCBuildConfiguration section */
		8EBA8C402CC4BB3D006777FB /* Debug */ = {
			isa = XCBuildConfiguration;
			buildSettings = {
				ALWAYS_SEARCH_USER_PATHS = NO;
				ASSETCATALOG_COMPILER_GENERATE_SWIFT_ASSET_SYMBOL_EXTENSIONS = YES;
				CLANG_ANALYZER_NONNULL = YES;
				CLANG_ANALYZER_NUMBER_OBJECT_CONVERSION = YES_AGGRESSIVE;
				CLANG_CXX_LANGUAGE_STANDARD = "gnu++20";
				CLANG_ENABLE_MODULES = YES;
				CLANG_ENABLE_OBJC_ARC = YES;
				CLANG_ENABLE_OBJC_WEAK = YES;
				CLANG_WARN_BLOCK_CAPTURE_AUTORELEASING = YES;
				CLANG_WARN_BOOL_CONVERSION = YES;
				CLANG_WARN_COMMA = YES;
				CLANG_WARN_CONSTANT_CONVERSION = YES;
				CLANG_WARN_DEPRECATED_OBJC_IMPLEMENTATIONS = YES;
				CLANG_WARN_DIRECT_OBJC_ISA_USAGE = YES_ERROR;
				CLANG_WARN_DOCUMENTATION_COMMENTS = YES;
				CLANG_WARN_EMPTY_BODY = YES;
				CLANG_WARN_ENUM_CONVERSION = YES;
				CLANG_WARN_INFINITE_RECURSION = YES;
				CLANG_WARN_INT_CONVERSION = YES;
				CLANG_WARN_NON_LITERAL_NULL_CONVERSION = YES;
				CLANG_WARN_OBJC_IMPLICIT_RETAIN_SELF = YES;
				CLANG_WARN_OBJC_LITERAL_CONVERSION = YES;
				CLANG_WARN_OBJC_ROOT_CLASS = YES_ERROR;
				CLANG_WARN_QUOTED_INCLUDE_IN_FRAMEWORK_HEADER = YES;
				CLANG_WARN_RANGE_LOOP_ANALYSIS = YES;
				CLANG_WARN_STRICT_PROTOTYPES = YES;
				CLANG_WARN_SUSPICIOUS_MOVE = YES;
				CLANG_WARN_UNGUARDED_AVAILABILITY = YES_AGGRESSIVE;
				CLANG_WARN_UNREACHABLE_CODE = YES;
				CLANG_WARN__DUPLICATE_METHOD_MATCH = YES;
				COPY_PHASE_STRIP = NO;
				DEBUG_INFORMATION_FORMAT = dwarf;
				ENABLE_STRICT_OBJC_MSGSEND = YES;
				ENABLE_TESTABILITY = YES;
				ENABLE_USER_SCRIPT_SANDBOXING = YES;
				GCC_C_LANGUAGE_STANDARD = gnu17;
				GCC_DYNAMIC_NO_PIC = NO;
				GCC_NO_COMMON_BLOCKS = YES;
				GCC_OPTIMIZATION_LEVEL = 0;
				GCC_PREPROCESSOR_DEFINITIONS = (
					"DEBUG=1",
					"$(inherited)",
				);
				GCC_WARN_64_TO_32_BIT_CONVERSION = YES;
				GCC_WARN_ABOUT_RETURN_TYPE = YES_ERROR;
				GCC_WARN_UNDECLARED_SELECTOR = YES;
				GCC_WARN_UNINITIALIZED_AUTOS = YES_AGGRESSIVE;
				GCC_WARN_UNUSED_FUNCTION = YES;
				GCC_WARN_UNUSED_VARIABLE = YES;
				IPHONEOS_DEPLOYMENT_TARGET = 18.0;
				LOCALIZATION_PREFERS_STRING_CATALOGS = YES;
				MTL_ENABLE_DEBUG_INFO = INCLUDE_SOURCE;
				MTL_FAST_MATH = YES;
				ONLY_ACTIVE_ARCH = YES;
				SDKROOT = iphoneos;
				SWIFT_ACTIVE_COMPILATION_CONDITIONS = "DEBUG $(inherited)";
				SWIFT_OPTIMIZATION_LEVEL = "-Onone";
			};
			name = Debug;
		};
		8EBA8C412CC4BB3D006777FB /* Release */ = {
			isa = XCBuildConfiguration;
			buildSettings = {
				ALWAYS_SEARCH_USER_PATHS = NO;
				ASSETCATALOG_COMPILER_GENERATE_SWIFT_ASSET_SYMBOL_EXTENSIONS = YES;
				CLANG_ANALYZER_NONNULL = YES;
				CLANG_ANALYZER_NUMBER_OBJECT_CONVERSION = YES_AGGRESSIVE;
				CLANG_CXX_LANGUAGE_STANDARD = "gnu++20";
				CLANG_ENABLE_MODULES = YES;
				CLANG_ENABLE_OBJC_ARC = YES;
				CLANG_ENABLE_OBJC_WEAK = YES;
				CLANG_WARN_BLOCK_CAPTURE_AUTORELEASING = YES;
				CLANG_WARN_BOOL_CONVERSION = YES;
				CLANG_WARN_COMMA = YES;
				CLANG_WARN_CONSTANT_CONVERSION = YES;
				CLANG_WARN_DEPRECATED_OBJC_IMPLEMENTATIONS = YES;
				CLANG_WARN_DIRECT_OBJC_ISA_USAGE = YES_ERROR;
				CLANG_WARN_DOCUMENTATION_COMMENTS = YES;
				CLANG_WARN_EMPTY_BODY = YES;
				CLANG_WARN_ENUM_CONVERSION = YES;
				CLANG_WARN_INFINITE_RECURSION = YES;
				CLANG_WARN_INT_CONVERSION = YES;
				CLANG_WARN_NON_LITERAL_NULL_CONVERSION = YES;
				CLANG_WARN_OBJC_IMPLICIT_RETAIN_SELF = YES;
				CLANG_WARN_OBJC_LITERAL_CONVERSION = YES;
				CLANG_WARN_OBJC_ROOT_CLASS = YES_ERROR;
				CLANG_WARN_QUOTED_INCLUDE_IN_FRAMEWORK_HEADER = YES;
				CLANG_WARN_RANGE_LOOP_ANALYSIS = YES;
				CLANG_WARN_STRICT_PROTOTYPES = YES;
				CLANG_WARN_SUSPICIOUS_MOVE = YES;
				CLANG_WARN_UNGUARDED_AVAILABILITY = YES_AGGRESSIVE;
				CLANG_WARN_UNREACHABLE_CODE = YES;
				CLANG_WARN__DUPLICATE_METHOD_MATCH = YES;
				COPY_PHASE_STRIP = NO;
				DEBUG_INFORMATION_FORMAT = "dwarf-with-dsym";
				ENABLE_NS_ASSERTIONS = NO;
				ENABLE_STRICT_OBJC_MSGSEND = YES;
				ENABLE_USER_SCRIPT_SANDBOXING = YES;
				GCC_C_LANGUAGE_STANDARD = gnu17;
				GCC_NO_COMMON_BLOCKS = YES;
				GCC_WARN_64_TO_32_BIT_CONVERSION = YES;
				GCC_WARN_ABOUT_RETURN_TYPE = YES_ERROR;
				GCC_WARN_UNDECLARED_SELECTOR = YES;
				GCC_WARN_UNINITIALIZED_AUTOS = YES_AGGRESSIVE;
				GCC_WARN_UNUSED_FUNCTION = YES;
				GCC_WARN_UNUSED_VARIABLE = YES;
				IPHONEOS_DEPLOYMENT_TARGET = 18.0;
				LOCALIZATION_PREFERS_STRING_CATALOGS = YES;
				MTL_ENABLE_DEBUG_INFO = NO;
				MTL_FAST_MATH = YES;
				SDKROOT = iphoneos;
				SWIFT_COMPILATION_MODE = wholemodule;
				VALIDATE_PRODUCT = YES;
			};
			name = Release;
		};
		8EBA8C432CC4BB3D006777FB /* Debug */ = {
			isa = XCBuildConfiguration;
			buildSettings = {
				ASSETCATALOG_COMPILER_APPICON_NAME = AppIcon;
				ASSETCATALOG_COMPILER_GLOBAL_ACCENT_COLOR_NAME = AccentColor;
				CODE_SIGN_STYLE = Automatic;
				CURRENT_PROJECT_VERSION = 1;
				DEVELOPMENT_ASSET_PATHS = "\"ECommerce App/Preview Content\"";
				ENABLE_PREVIEWS = YES;
				GENERATE_INFOPLIST_FILE = YES;
				INFOPLIST_KEY_UIApplicationSceneManifest_Generation = YES;
				INFOPLIST_KEY_UIApplicationSupportsIndirectInputEvents = YES;
				INFOPLIST_KEY_UILaunchScreen_Generation = YES;
				INFOPLIST_KEY_UISupportedInterfaceOrientations_iPad = "UIInterfaceOrientationPortrait UIInterfaceOrientationPortraitUpsideDown UIInterfaceOrientationLandscapeLeft UIInterfaceOrientationLandscapeRight";
				INFOPLIST_KEY_UISupportedInterfaceOrientations_iPhone = "UIInterfaceOrientationPortrait UIInterfaceOrientationLandscapeLeft UIInterfaceOrientationLandscapeRight";
				LD_RUNPATH_SEARCH_PATHS = (
					"$(inherited)",
					"@executable_path/Frameworks",
				);
				MARKETING_VERSION = 1.0;
				PRODUCT_BUNDLE_IDENTIFIER = "lucazalcantara.ECommerce-App";
				PRODUCT_NAME = "$(TARGET_NAME)";
				SWIFT_EMIT_LOC_STRINGS = YES;
				SWIFT_VERSION = 5.0;
				TARGETED_DEVICE_FAMILY = "1,2";
			};
			name = Debug;
		};
		8EBA8C442CC4BB3D006777FB /* Release */ = {
			isa = XCBuildConfiguration;
			buildSettings = {
				ASSETCATALOG_COMPILER_APPICON_NAME = AppIcon;
				ASSETCATALOG_COMPILER_GLOBAL_ACCENT_COLOR_NAME = AccentColor;
				CODE_SIGN_STYLE = Automatic;
				CURRENT_PROJECT_VERSION = 1;
				DEVELOPMENT_ASSET_PATHS = "\"ECommerce App/Preview Content\"";
				ENABLE_PREVIEWS = YES;
				GENERATE_INFOPLIST_FILE = YES;
				INFOPLIST_KEY_UIApplicationSceneManifest_Generation = YES;
				INFOPLIST_KEY_UIApplicationSupportsIndirectInputEvents = YES;
				INFOPLIST_KEY_UILaunchScreen_Generation = YES;
				INFOPLIST_KEY_UISupportedInterfaceOrientations_iPad = "UIInterfaceOrientationPortrait UIInterfaceOrientationPortraitUpsideDown UIInterfaceOrientationLandscapeLeft UIInterfaceOrientationLandscapeRight";
				INFOPLIST_KEY_UISupportedInterfaceOrientations_iPhone = "UIInterfaceOrientationPortrait UIInterfaceOrientationLandscapeLeft UIInterfaceOrientationLandscapeRight";
				LD_RUNPATH_SEARCH_PATHS = (
					"$(inherited)",
					"@executable_path/Frameworks",
				);
				MARKETING_VERSION = 1.0;
				PRODUCT_BUNDLE_IDENTIFIER = "lucazalcantara.ECommerce-App";
				PRODUCT_NAME = "$(TARGET_NAME)";
				SWIFT_EMIT_LOC_STRINGS = YES;
				SWIFT_VERSION = 5.0;
				TARGETED_DEVICE_FAMILY = "1,2";
			};
			name = Release;
		};
		8EBA8C462CC4BB3D006777FB /* Debug */ = {
			isa = XCBuildConfiguration;
			buildSettings = {
				BUNDLE_LOADER = "$(TEST_HOST)";
				CODE_SIGN_STYLE = Automatic;
				CURRENT_PROJECT_VERSION = 1;
				GENERATE_INFOPLIST_FILE = YES;
				IPHONEOS_DEPLOYMENT_TARGET = 18.0;
				MARKETING_VERSION = 1.0;
				PRODUCT_BUNDLE_IDENTIFIER = "lucazalcantara.ECommerce-AppTests";
				PRODUCT_NAME = "$(TARGET_NAME)";
				SWIFT_EMIT_LOC_STRINGS = NO;
				SWIFT_VERSION = 5.0;
				TARGETED_DEVICE_FAMILY = "1,2";
				TEST_HOST = "$(BUILT_PRODUCTS_DIR)/ECommerce App.app/$(BUNDLE_EXECUTABLE_FOLDER_PATH)/ECommerce App";
			};
			name = Debug;
		};
		8EBA8C472CC4BB3D006777FB /* Release */ = {
			isa = XCBuildConfiguration;
			buildSettings = {
				BUNDLE_LOADER = "$(TEST_HOST)";
				CODE_SIGN_STYLE = Automatic;
				CURRENT_PROJECT_VERSION = 1;
				GENERATE_INFOPLIST_FILE = YES;
				IPHONEOS_DEPLOYMENT_TARGET = 18.0;
				MARKETING_VERSION = 1.0;
				PRODUCT_BUNDLE_IDENTIFIER = "lucazalcantara.ECommerce-AppTests";
				PRODUCT_NAME = "$(TARGET_NAME)";
				SWIFT_EMIT_LOC_STRINGS = NO;
				SWIFT_VERSION = 5.0;
				TARGETED_DEVICE_FAMILY = "1,2";
				TEST_HOST = "$(BUILT_PRODUCTS_DIR)/ECommerce App.app/$(BUNDLE_EXECUTABLE_FOLDER_PATH)/ECommerce App";
			};
			name = Release;
		};
		8EBA8C492CC4BB3D006777FB /* Debug */ = {
			isa = XCBuildConfiguration;
			buildSettings = {
				CODE_SIGN_STYLE = Automatic;
				CURRENT_PROJECT_VERSION = 1;
				GENERATE_INFOPLIST_FILE = YES;
				MARKETING_VERSION = 1.0;
				PRODUCT_BUNDLE_IDENTIFIER = "lucazalcantara.ECommerce-AppUITests";
				PRODUCT_NAME = "$(TARGET_NAME)";
				SWIFT_EMIT_LOC_STRINGS = NO;
				SWIFT_VERSION = 5.0;
				TARGETED_DEVICE_FAMILY = "1,2";
				TEST_TARGET_NAME = "ECommerce App";
			};
			name = Debug;
		};
		8EBA8C4A2CC4BB3D006777FB /* Release */ = {
			isa = XCBuildConfiguration;
			buildSettings = {
				CODE_SIGN_STYLE = Automatic;
				CURRENT_PROJECT_VERSION = 1;
				GENERATE_INFOPLIST_FILE = YES;
				MARKETING_VERSION = 1.0;
				PRODUCT_BUNDLE_IDENTIFIER = "lucazalcantara.ECommerce-AppUITests";
				PRODUCT_NAME = "$(TARGET_NAME)";
				SWIFT_EMIT_LOC_STRINGS = NO;
				SWIFT_VERSION = 5.0;
				TARGETED_DEVICE_FAMILY = "1,2";
				TEST_TARGET_NAME = "ECommerce App";
			};
			name = Release;
		};
/* End XCBuildConfiguration section */

/* Begin XCConfigurationList section */
		8EBA8C192CC4BB3C006777FB /* Build configuration list for PBXProject "ECommerce App" */ = {
			isa = XCConfigurationList;
			buildConfigurations = (
				8EBA8C402CC4BB3D006777FB /* Debug */,
				8EBA8C412CC4BB3D006777FB /* Release */,
			);
			defaultConfigurationIsVisible = 0;
			defaultConfigurationName = Release;
		};
		8EBA8C422CC4BB3D006777FB /* Build configuration list for PBXNativeTarget "ECommerce App" */ = {
			isa = XCConfigurationList;
			buildConfigurations = (
				8EBA8C432CC4BB3D006777FB /* Debug */,
				8EBA8C442CC4BB3D006777FB /* Release */,
			);
			defaultConfigurationIsVisible = 0;
			defaultConfigurationName = Release;
		};
		8EBA8C452CC4BB3D006777FB /* Build configuration list for PBXNativeTarget "ECommerce AppTests" */ = {
			isa = XCConfigurationList;
			buildConfigurations = (
				8EBA8C462CC4BB3D006777FB /* Debug */,
				8EBA8C472CC4BB3D006777FB /* Release */,
			);
			defaultConfigurationIsVisible = 0;
			defaultConfigurationName = Release;
		};
		8EBA8C482CC4BB3D006777FB /* Build configuration list for PBXNativeTarget "ECommerce AppUITests" */ = {
			isa = XCConfigurationList;
			buildConfigurations = (
				8EBA8C492CC4BB3D006777FB /* Debug */,
				8EBA8C4A2CC4BB3D006777FB /* Release */,
			);
			defaultConfigurationIsVisible = 0;
			defaultConfigurationName = Release;
		};
/* End XCConfigurationList section */
	};
	rootObject = 8EBA8C162CC4BB3C006777FB /* Project object */;
}
